
Microsoft Visual Studio Solution File, Format Version 12.00
# Visual Studio 15
VisualStudioVersion = 15.0.28307.572
MinimumVisualStudioVersion = 10.0.40219.1
Project("{FAE04EC0-301F-11D3-BF4B-00C04F79EFBC}") = "GravityGame", "GravityGame\GravityGame.csproj", "{42A4FB8C-958C-413B-8A03-8D2564A6D11C}"
EndProject
Global
	GlobalSection(SolutionConfigurationPlatforms) = preSolution
		Debug|Any CPU = Debug|Any CPU
		Release|Any CPU = Release|Any CPU
	EndGlobalSection
	GlobalSection(ProjectConfigurationPlatforms) = postSolution
		{42A4FB8C-958C-413B-8A03-8D2564A6D11C}.Debug|Any CPU.ActiveCfg = Debug|Any CPU
		{42A4FB8C-958C-413B-8A03-8D2564A6D11C}.Debug|Any CPU.Build.0 = Debug|Any CPU
		{42A4FB8C-958C-413B-8A03-8D2564A6D11C}.Debug|Any CPU.Deploy.0 = Debug|Any CPU
		{42A4FB8C-958C-413B-8A03-8D2564A6D11C}.Release|Any CPU.ActiveCfg = Release|Any CPU
		{42A4FB8C-958C-413B-8A03-8D2564A6D11C}.Release|Any CPU.Build.0 = Release|Any CPU
		{42A4FB8C-958C-413B-8A03-8D2564A6D11C}.Release|Any CPU.Deploy.0 = Release|Any CPU
	EndGlobalSection
	GlobalSection(SolutionProperties) = preSolution
		HideSolutionNode = FALSE
	EndGlobalSection
	GlobalSection(ExtensibilityGlobals) = postSolution
		SolutionGuid = {61841F89-FE9D-4744-994B-AADBF05D4F72}
	EndGlobalSection
EndGlobal
